
Microsoft Visual Studio Solution File, Format Version 12.00
# Visual Studio Version 17
VisualStudioVersion = 17.12.35527.113
MinimumVisualStudioVersion = 10.0.40219.1
Project("{FAE04EC0-301F-11D3-BF4B-00C04F79EFBC}") = "CrediteDemo", "CrediteDemo\CrediteDemo.csproj", "{481D1E96-B7AC-4794-ADAB-0DAAFF38B299}"
EndProject
Project("{FAE04EC0-301F-11D3-BF4B-00C04F79EFBC}") = "CrediteCardAPI", "CrediteCardAPI\CrediteCardAPI.csproj", "{0383A581-0908-4560-B483-3232AF827F02}"
EndProject
Global
	GlobalSection(SolutionConfigurationPlatforms) = preSolution
		Debug|Any CPU = Debug|Any CPU
		Release|Any CPU = Release|Any CPU
	EndGlobalSection
	GlobalSection(ProjectConfigurationPlatforms) = postSolution
		{481D1E96-B7AC-4794-ADAB-0DAAFF38B299}.Debug|Any CPU.ActiveCfg = Debug|Any CPU
		{481D1E96-B7AC-4794-ADAB-0DAAFF38B299}.Debug|Any CPU.Build.0 = Debug|Any CPU
		{481D1E96-B7AC-4794-ADAB-0DAAFF38B299}.Release|Any CPU.ActiveCfg = Release|Any CPU
		{481D1E96-B7AC-4794-ADAB-0DAAFF38B299}.Release|Any CPU.Build.0 = Release|Any CPU
		{0383A581-0908-4560-B483-3232AF827F02}.Debug|Any CPU.ActiveCfg = Debug|Any CPU
		{0383A581-0908-4560-B483-3232AF827F02}.Debug|Any CPU.Build.0 = Debug|Any CPU
		{0383A581-0908-4560-B483-3232AF827F02}.Release|Any CPU.ActiveCfg = Release|Any CPU
		{0383A581-0908-4560-B483-3232AF827F02}.Release|Any CPU.Build.0 = Release|Any CPU
	EndGlobalSection
	GlobalSection(SolutionProperties) = preSolution
		HideSolutionNode = FALSE
	EndGlobalSection
EndGlobal
